// !$*UTF8*$!
{
	archiveVersion = 1;
	classes = {
	};
	objectVersion = 46;
	objects = {

/* Begin PBXBuildFile section */
		965032B11A89DDA500DE4D73 /* libz.dylib in Frameworks */ = {isa = PBXBuildFile; fileRef = 965032B01A89DDA500DE4D73 /* libz.dylib */; };
		96ECF8521A843BB40016432E /* AppDelegate.swift in Sources */ = {isa = PBXBuildFile; fileRef = 96ECF8511A843BB40016432E /* AppDelegate.swift */; };
		96ECF8541A843BB40016432E /* ViewController.swift in Sources */ = {isa = PBXBuildFile; fileRef = 96ECF8531A843BB40016432E /* ViewController.swift */; };
		96ECF8571A843BB40016432E /* Main.storyboard in Resources */ = {isa = PBXBuildFile; fileRef = 96ECF8551A843BB40016432E /* Main.storyboard */; };
		96ECF8591A843BB40016432E /* Images.xcassets in Resources */ = {isa = PBXBuildFile; fileRef = 96ECF8581A843BB40016432E /* Images.xcassets */; };
		96ECF85C1A843BB40016432E /* LaunchScreen.xib in Resources */ = {isa = PBXBuildFile; fileRef = 96ECF85A1A843BB40016432E /* LaunchScreen.xib */; };
		96ECF8681A843BB40016432E /* PVNSampleSwiftTests.swift in Sources */ = {isa = PBXBuildFile; fileRef = 96ECF8671A843BB40016432E /* PVNSampleSwiftTests.swift */; };
/* End PBXBuildFile section */

/* Begin PBXContainerItemProxy section */
		96ECF8621A843BB40016432E /* PBXContainerItemProxy */ = {
			isa = PBXContainerItemProxy;
			containerPortal = 96ECF8441A843BB40016432E /* Project object */;
			proxyType = 1;
			remoteGlobalIDString = 96ECF84B1A843BB40016432E;
			remoteInfo = PVNSampleSwift;
		};
/* End PBXContainerItemProxy section */

/* Begin PBXFileReference section */
		965032621A89D0C700DE4D73 /* ISDK-Bridging-Header.h */ = {isa = PBXFileReference; fileEncoding = 4; lastKnownFileType = sourcecode.c.h; name = "ISDK-Bridging-Header.h"; path = "../ISDK-Bridging-Header.h"; sourceTree = "<group>"; };
		965032B01A89DDA500DE4D73 /* libz.dylib */ = {isa = PBXFileReference; lastKnownFileType = "compiled.mach-o.dylib"; name = libz.dylib; path = usr/lib/libz.dylib; sourceTree = SDKROOT; };
		96ECF84C1A843BB40016432E /* PVNSampleSwift.app */ = {isa = PBXFileReference; explicitFileType = wrapper.application; includeInIndex = 0; path = PVNSampleSwift.app; sourceTree = BUILT_PRODUCTS_DIR; };
		96ECF8501A843BB40016432E /* Info.plist */ = {isa = PBXFileReference; lastKnownFileType = text.plist.xml; path = Info.plist; sourceTree = "<group>"; };
		96ECF8511A843BB40016432E /* AppDelegate.swift */ = {isa = PBXFileReference; lastKnownFileType = sourcecode.swift; path = AppDelegate.swift; sourceTree = "<group>"; };
		96ECF8531A843BB40016432E /* ViewController.swift */ = {isa = PBXFileReference; lastKnownFileType = sourcecode.swift; path = ViewController.swift; sourceTree = "<group>"; };
		96ECF8561A843BB40016432E /* Base */ = {isa = PBXFileReference; lastKnownFileType = file.storyboard; name = Base; path = Base.lproj/Main.storyboard; sourceTree = "<group>"; };
		96ECF8581A843BB40016432E /* Images.xcassets */ = {isa = PBXFileReference; lastKnownFileType = folder.assetcatalog; path = Images.xcassets; sourceTree = "<group>"; };
		96ECF85B1A843BB40016432E /* Base */ = {isa = PBXFileReference; lastKnownFileType = file.xib; name = Base; path = Base.lproj/LaunchScreen.xib; sourceTree = "<group>"; };
		96ECF8611A843BB40016432E /* PVNSampleSwiftTests.xctest */ = {isa = PBXFileReference; explicitFileType = wrapper.cfbundle; includeInIndex = 0; path = PVNSampleSwiftTests.xctest; sourceTree = BUILT_PRODUCTS_DIR; };
		96ECF8661A843BB40016432E /* Info.plist */ = {isa = PBXFileReference; lastKnownFileType = text.plist.xml; path = Info.plist; sourceTree = "<group>"; };
		96ECF8671A843BB40016432E /* PVNSampleSwiftTests.swift */ = {isa = PBXFileReference; lastKnownFileType = sourcecode.swift; path = PVNSampleSwiftTests.swift; sourceTree = "<group>"; };
/* End PBXFileReference section */

/* Begin PBXFrameworksBuildPhase section */
		96ECF8491A843BB40016432E /* Frameworks */ = {
			isa = PBXFrameworksBuildPhase;
			buildActionMask = 2147483647;
			files = (
				965032B11A89DDA500DE4D73 /* libz.dylib in Frameworks */,
			);
			runOnlyForDeploymentPostprocessing = 0;
		};
		96ECF85E1A843BB40016432E /* Frameworks */ = {
			isa = PBXFrameworksBuildPhase;
			buildActionMask = 2147483647;
			files = (
			);
			runOnlyForDeploymentPostprocessing = 0;
		};
/* End PBXFrameworksBuildPhase section */

/* Begin PBXGroup section */
		96ECF8431A843BB40016432E = {
			isa = PBXGroup;
			children = (
				96ECF84E1A843BB40016432E /* PVNSampleSwift */,
				96ECF8641A843BB40016432E /* PVNSampleSwiftTests */,
				96ECF84D1A843BB40016432E /* Products */,
				965032B01A89DDA500DE4D73 /* libz.dylib */,
			);
			sourceTree = "<group>";
		};
		96ECF84D1A843BB40016432E /* Products */ = {
			isa = PBXGroup;
			children = (
				96ECF84C1A843BB40016432E /* PVNSampleSwift.app */,
				96ECF8611A843BB40016432E /* PVNSampleSwiftTests.xctest */,
			);
			name = Products;
			sourceTree = "<group>";
		};
		96ECF84E1A843BB40016432E /* PVNSampleSwift */ = {
			isa = PBXGroup;
			children = (
				96ECF8511A843BB40016432E /* AppDelegate.swift */,
				96ECF8531A843BB40016432E /* ViewController.swift */,
				96ECF8551A843BB40016432E /* Main.storyboard */,
				96ECF8581A843BB40016432E /* Images.xcassets */,
				96ECF85A1A843BB40016432E /* LaunchScreen.xib */,
				96ECF84F1A843BB40016432E /* Supporting Files */,
			);
			path = PVNSampleSwift;
			sourceTree = "<group>";
		};
		96ECF84F1A843BB40016432E /* Supporting Files */ = {
			isa = PBXGroup;
			children = (
				965032621A89D0C700DE4D73 /* ISDK-Bridging-Header.h */,
				96ECF8501A843BB40016432E /* Info.plist */,
			);
			name = "Supporting Files";
			sourceTree = "<group>";
		};
		96ECF8641A843BB40016432E /* PVNSampleSwiftTests */ = {
			isa = PBXGroup;
			children = (
				96ECF8671A843BB40016432E /* PVNSampleSwiftTests.swift */,
				96ECF8651A843BB40016432E /* Supporting Files */,
			);
			path = PVNSampleSwiftTests;
			sourceTree = "<group>";
		};
		96ECF8651A843BB40016432E /* Supporting Files */ = {
			isa = PBXGroup;
			children = (
				96ECF8661A843BB40016432E /* Info.plist */,
			);
			name = "Supporting Files";
			sourceTree = "<group>";
		};
/* End PBXGroup section */

/* Begin PBXNativeTarget section */
		96ECF84B1A843BB40016432E /* PVNSampleSwift */ = {
			isa = PBXNativeTarget;
			buildConfigurationList = 96ECF86B1A843BB40016432E /* Build configuration list for PBXNativeTarget "PVNSampleSwift" */;
			buildPhases = (
				96ECF8481A843BB40016432E /* Sources */,
				96ECF8491A843BB40016432E /* Frameworks */,
				96ECF84A1A843BB40016432E /* Resources */,
			);
			buildRules = (
			);
			dependencies = (
			);
			name = PVNSampleSwift;
			productName = PVNSampleSwift;
			productReference = 96ECF84C1A843BB40016432E /* PVNSampleSwift.app */;
			productType = "com.apple.product-type.application";
		};
		96ECF8601A843BB40016432E /* PVNSampleSwiftTests */ = {
			isa = PBXNativeTarget;
			buildConfigurationList = 96ECF86E1A843BB40016432E /* Build configuration list for PBXNativeTarget "PVNSampleSwiftTests" */;
			buildPhases = (
				96ECF85D1A843BB40016432E /* Sources */,
				96ECF85E1A843BB40016432E /* Frameworks */,
				96ECF85F1A843BB40016432E /* Resources */,
			);
			buildRules = (
			);
			dependencies = (
				96ECF8631A843BB40016432E /* PBXTargetDependency */,
			);
			name = PVNSampleSwiftTests;
			productName = PVNSampleSwiftTests;
			productReference = 96ECF8611A843BB40016432E /* PVNSampleSwiftTests.xctest */;
			productType = "com.apple.product-type.bundle.unit-test";
		};
/* End PBXNativeTarget section */

/* Begin PBXProject section */
		96ECF8441A843BB40016432E /* Project object */ = {
			isa = PBXProject;
			attributes = {
				LastUpgradeCheck = 0610;
				ORGANIZATIONNAME = "Incoming Inc.";
				TargetAttributes = {
					96ECF84B1A843BB40016432E = {
						CreatedOnToolsVersion = 6.1;
						SystemCapabilities = {
							com.apple.BackgroundModes = {
								enabled = 1;
							};
						};
					};
					96ECF8601A843BB40016432E = {
						CreatedOnToolsVersion = 6.1;
						TestTargetID = 96ECF84B1A843BB40016432E;
					};
				};
			};
			buildConfigurationList = 96ECF8471A843BB40016432E /* Build configuration list for PBXProject "PVNSampleSwift" */;
			compatibilityVersion = "Xcode 3.2";
			developmentRegion = English;
			hasScannedForEncodings = 0;
			knownRegions = (
				en,
				Base,
			);
			mainGroup = 96ECF8431A843BB40016432E;
			productRefGroup = 96ECF84D1A843BB40016432E /* Products */;
			projectDirPath = "";
			projectRoot = "";
			targets = (
				96ECF84B1A843BB40016432E /* PVNSampleSwift */,
				96ECF8601A843BB40016432E /* PVNSampleSwiftTests */,
			);
		};
/* End PBXProject section */

/* Begin PBXResourcesBuildPhase section */
		96ECF84A1A843BB40016432E /* Resources */ = {
			isa = PBXResourcesBuildPhase;
			buildActionMask = 2147483647;
			files = (
				96ECF8571A843BB40016432E /* Main.storyboard in Resources */,
				96ECF85C1A843BB40016432E /* LaunchScreen.xib in Resources */,
				96ECF8591A843BB40016432E /* Images.xcassets in Resources */,
			);
			runOnlyForDeploymentPostprocessing = 0;
		};
		96ECF85F1A843BB40016432E /* Resources */ = {
			isa = PBXResourcesBuildPhase;
			buildActionMask = 2147483647;
			files = (
			);
			runOnlyForDeploymentPostprocessing = 0;
		};
/* End PBXResourcesBuildPhase section */

/* Begin PBXSourcesBuildPhase section */
		96ECF8481A843BB40016432E /* Sources */ = {
			isa = PBXSourcesBuildPhase;
			buildActionMask = 2147483647;
			files = (
				96ECF8541A843BB40016432E /* ViewController.swift in Sources */,
				96ECF8521A843BB40016432E /* AppDelegate.swift in Sources */,
			);
			runOnlyForDeploymentPostprocessing = 0;
		};
		96ECF85D1A843BB40016432E /* Sources */ = {
			isa = PBXSourcesBuildPhase;
			buildActionMask = 2147483647;
			files = (
				96ECF8681A843BB40016432E /* PVNSampleSwiftTests.swift in Sources */,
			);
			runOnlyForDeploymentPostprocessing = 0;
		};
/* End PBXSourcesBuildPhase section */

/* Begin PBXTargetDependency section */
		96ECF8631A843BB40016432E /* PBXTargetDependency */ = {
			isa = PBXTargetDependency;
			target = 96ECF84B1A843BB40016432E /* PVNSampleSwift */;
			targetProxy = 96ECF8621A843BB40016432E /* PBXContainerItemProxy */;
		};
/* End PBXTargetDependency section */

/* Begin PBXVariantGroup section */
		96ECF8551A843BB40016432E /* Main.storyboard */ = {
			isa = PBXVariantGroup;
			children = (
				96ECF8561A843BB40016432E /* Base */,
			);
			name = Main.storyboard;
			sourceTree = "<group>";
		};
		96ECF85A1A843BB40016432E /* LaunchScreen.xib */ = {
			isa = PBXVariantGroup;
			children = (
				96ECF85B1A843BB40016432E /* Base */,
			);
			name = LaunchScreen.xib;
			sourceTree = "<group>";
		};
/* End PBXVariantGroup section */

/* Begin XCBuildConfiguration section */
		96ECF8691A843BB40016432E /* Debug */ = {
			isa = XCBuildConfiguration;
			buildSettings = {
				ALWAYS_SEARCH_USER_PATHS = NO;
				CLANG_CXX_LANGUAGE_STANDARD = "gnu++0x";
				CLANG_CXX_LIBRARY = "libc++";
				CLANG_ENABLE_MODULES = YES;
				CLANG_ENABLE_OBJC_ARC = YES;
				CLANG_WARN_BOOL_CONVERSION = YES;
				CLANG_WARN_CONSTANT_CONVERSION = YES;
				CLANG_WARN_DIRECT_OBJC_ISA_USAGE = YES_ERROR;
				CLANG_WARN_EMPTY_BODY = YES;
				CLANG_WARN_ENUM_CONVERSION = YES;
				CLANG_WARN_INT_CONVERSION = YES;
				CLANG_WARN_OBJC_ROOT_CLASS = YES_ERROR;
				CLANG_WARN_UNREACHABLE_CODE = YES;
				CLANG_WARN__DUPLICATE_METHOD_MATCH = YES;
				"CODE_SIGN_IDENTITY[sdk=iphoneos*]" = "iPhone Developer";
				COPY_PHASE_STRIP = NO;
				DEAD_CODE_STRIPPING = NO;
				ENABLE_STRICT_OBJC_MSGSEND = YES;
				GCC_C_LANGUAGE_STANDARD = gnu99;
				GCC_DYNAMIC_NO_PIC = NO;
				GCC_OPTIMIZATION_LEVEL = 0;
				GCC_PREPROCESSOR_DEFINITIONS = (
					"DEBUG=1",
					"$(inherited)",
				);
				GCC_SYMBOLS_PRIVATE_EXTERN = NO;
				GCC_WARN_64_TO_32_BIT_CONVERSION = YES;
				GCC_WARN_ABOUT_RETURN_TYPE = YES_ERROR;
				GCC_WARN_UNDECLARED_SELECTOR = YES;
				GCC_WARN_UNINITIALIZED_AUTOS = YES_AGGRESSIVE;
				GCC_WARN_UNUSED_FUNCTION = YES;
				GCC_WARN_UNUSED_VARIABLE = YES;
				IPHONEOS_DEPLOYMENT_TARGET = 8.1;
				MTL_ENABLE_DEBUG_INFO = YES;
				ONLY_ACTIVE_ARCH = YES;
				OTHER_LDFLAGS = (
					"$(OTHER_LDFLAGS)",
					"-ObjC",
				);
				SDKROOT = iphoneos;
				SWIFT_OBJC_BRIDGING_HEADER = "ISDK_Bridging-Header.h";
				SWIFT_OPTIMIZATION_LEVEL = "-Onone";
				TARGETED_DEVICE_FAMILY = "1,2";
			};
			name = Debug;
		};
		96ECF86A1A843BB40016432E /* Release */ = {
			isa = XCBuildConfiguration;
			buildSettings = {
				ALWAYS_SEARCH_USER_PATHS = NO;
				CLANG_CXX_LANGUAGE_STANDARD = "gnu++0x";
				CLANG_CXX_LIBRARY = "libc++";
				CLANG_ENABLE_MODULES = YES;
				CLANG_ENABLE_OBJC_ARC = YES;
				CLANG_WARN_BOOL_CONVERSION = YES;
				CLANG_WARN_CONSTANT_CONVERSION = YES;
				CLANG_WARN_DIRECT_OBJC_ISA_USAGE = YES_ERROR;
				CLANG_WARN_EMPTY_BODY = YES;
				CLANG_WARN_ENUM_CONVERSION = YES;
				CLANG_WARN_INT_CONVERSION = YES;
				CLANG_WARN_OBJC_ROOT_CLASS = YES_ERROR;
				CLANG_WARN_UNREACHABLE_CODE = YES;
				CLANG_WARN__DUPLICATE_METHOD_MATCH = YES;
				"CODE_SIGN_IDENTITY[sdk=iphoneos*]" = "iPhone Developer";
				COPY_PHASE_STRIP = YES;
				DEAD_CODE_STRIPPING = NO;
				ENABLE_NS_ASSERTIONS = NO;
				ENABLE_STRICT_OBJC_MSGSEND = YES;
				GCC_C_LANGUAGE_STANDARD = gnu99;
				GCC_WARN_64_TO_32_BIT_CONVERSION = YES;
				GCC_WARN_ABOUT_RETURN_TYPE = YES_ERROR;
				GCC_WARN_UNDECLARED_SELECTOR = YES;
				GCC_WARN_UNINITIALIZED_AUTOS = YES_AGGRESSIVE;
				GCC_WARN_UNUSED_FUNCTION = YES;
				GCC_WARN_UNUSED_VARIABLE = YES;
				IPHONEOS_DEPLOYMENT_TARGET = 8.1;
				MTL_ENABLE_DEBUG_INFO = NO;
				OTHER_LDFLAGS = (
					"$(OTHER_LDFLAGS)",
					"-ObjC",
				);
				SDKROOT = iphoneos;
				SWIFT_OBJC_BRIDGING_HEADER = "ISDK_Bridging-Header.h";
				TARGETED_DEVICE_FAMILY = "1,2";
				VALIDATE_PRODUCT = YES;
			};
			name = Release;
		};
		96ECF86C1A843BB40016432E /* Debug */ = {
			isa = XCBuildConfiguration;
			buildSettings = {
				ASSETCATALOG_COMPILER_APPICON_NAME = AppIcon;
				INFOPLIST_FILE = PVNSampleSwift/Info.plist;
				LD_RUNPATH_SEARCH_PATHS = "$(inherited) @executable_path/Frameworks";
				LIBRARY_SEARCH_PATHS = (
					"$(inherited)",
					"$(PROJECT_DIR)/PVNSampleSwift/incoming-ios-sdk",
					"$(PROJECT_DIR)/PVNSampleSwift",
					"$(PROJECT_DIR)",
				);
				OTHER_LDFLAGS = "$(OTHER_LDFLAGS)";
				PRODUCT_NAME = "$(TARGET_NAME)";
				SWIFT_OBJC_BRIDGING_HEADER = "ISDK-Bridging-Header.h";
			};
			name = Debug;
		};
		96ECF86D1A843BB40016432E /* Release */ = {
			isa = XCBuildConfiguration;
			buildSettings = {
				ASSETCATALOG_COMPILER_APPICON_NAME = AppIcon;
				INFOPLIST_FILE = PVNSampleSwift/Info.plist;
				LD_RUNPATH_SEARCH_PATHS = "$(inherited) @executable_path/Frameworks";
				LIBRARY_SEARCH_PATHS = (
					"$(inherited)",
					"$(PROJECT_DIR)/PVNSampleSwift/incoming-ios-sdk",
					"$(PROJECT_DIR)/PVNSampleSwift",
					"$(PROJECT_DIR)",
				);
				OTHER_LDFLAGS = "$(OTHER_LDFLAGS)";
				PRODUCT_NAME = "$(TARGET_NAME)";
				SWIFT_OBJC_BRIDGING_HEADER = "ISDK-Bridging-Header.h";
			};
			name = Release;
		};
		96ECF86F1A843BB40016432E /* Debug */ = {
			isa = XCBuildConfiguration;
			buildSettings = {
				BUNDLE_LOADER = "$(TEST_HOST)";
				FRAMEWORK_SEARCH_PATHS = (
					"$(SDKROOT)/Developer/Library/Frameworks",
					"$(inherited)",
				);
				GCC_PREPROCESSOR_DEFINITIONS = (
					"DEBUG=1",
					"$(inherited)",
				);
				INFOPLIST_FILE = PVNSampleSwiftTests/Info.plist;
				LD_RUNPATH_SEARCH_PATHS = "$(inherited) @executable_path/Frameworks @loader_path/Frameworks";
				PRODUCT_NAME = "$(TARGET_NAME)";
				SWIFT_OBJC_BRIDGING_HEADER = "";
				TEST_HOST = "$(BUILT_PRODUCTS_DIR)/PVNSampleSwift.app/PVNSampleSwift";
			};
			name = Debug;
		};
		96ECF8701A843BB40016432E /* Release */ = {
			isa = XCBuildConfiguration;
			buildSettings = {
				BUNDLE_LOADER = "$(TEST_HOST)";
				FRAMEWORK_SEARCH_PATHS = (
					"$(SDKROOT)/Developer/Library/Frameworks",
					"$(inherited)",
				);
				INFOPLIST_FILE = PVNSampleSwiftTests/Info.plist;
				LD_RUNPATH_SEARCH_PATHS = "$(inherited) @executable_path/Frameworks @loader_path/Frameworks";
				PRODUCT_NAME = "$(TARGET_NAME)";
				SWIFT_OBJC_BRIDGING_HEADER = "";
				TEST_HOST = "$(BUILT_PRODUCTS_DIR)/PVNSampleSwift.app/PVNSampleSwift";
			};
			name = Release;
		};
/* End XCBuildConfiguration section */

/* Begin XCConfigurationList section */
		96ECF8471A843BB40016432E /* Build configuration list for PBXProject "PVNSampleSwift" */ = {
			isa = XCConfigurationList;
			buildConfigurations = (
				96ECF8691A843BB40016432E /* Debug */,
				96ECF86A1A843BB40016432E /* Release */,
			);
			defaultConfigurationIsVisible = 0;
			defaultConfigurationName = Release;
		};
		96ECF86B1A843BB40016432E /* Build configuration list for PBXNativeTarget "PVNSampleSwift" */ = {
			isa = XCConfigurationList;
			buildConfigurations = (
				96ECF86C1A843BB40016432E /* Debug */,
				96ECF86D1A843BB40016432E /* Release */,
			);
			defaultConfigurationIsVisible = 0;
			defaultConfigurationName = Release;
		};
		96ECF86E1A843BB40016432E /* Build configuration list for PBXNativeTarget "PVNSampleSwiftTests" */ = {
			isa = XCConfigurationList;
			buildConfigurations = (
				96ECF86F1A843BB40016432E /* Debug */,
				96ECF8701A843BB40016432E /* Release */,
			);
			defaultConfigurationIsVisible = 0;
			defaultConfigurationName = Release;
		};
/* End XCConfigurationList section */
	};
	rootObject = 96ECF8441A843BB40016432E /* Project object */;
}
