// !$*UTF8*$!
{
	archiveVersion = 1;
	classes = {
	};
	objectVersion = 46;
	objects = {

/* Begin PBXBuildFile section */
		852709141947F3AA0018A0CF /* incoming-ios-sdk.plist in Resources */ = {isa = PBXBuildFile; fileRef = 852709131947F3AA0018A0CF /* incoming-ios-sdk.plist */; };
		852709161947F4D30018A0CF /* Accelerate.framework in Frameworks */ = {isa = PBXBuildFile; fileRef = 852709151947F4D30018A0CF /* Accelerate.framework */; };
		8539F1A51963E89A00A903D2 /* default_policy.json in Resources */ = {isa = PBXBuildFile; fileRef = 8539F1941963E89A00A903D2 /* default_policy.json */; };
		8539F1A71963E89A00A903D2 /* IncomingSDK.xcdatamodeld in Sources */ = {isa = PBXBuildFile; fileRef = 8539F1961963E89A00A903D2 /* IncomingSDK.xcdatamodeld */; };
		8539F1A81963E89A00A903D2 /* libincoming-ios-sdk.a in Frameworks */ = {isa = PBXBuildFile; fileRef = 8539F1A41963E89A00A903D2 /* libincoming-ios-sdk.a */; };
		858610A71946A0FC008E86EB /* Foundation.framework in Frameworks */ = {isa = PBXBuildFile; fileRef = 858610A61946A0FC008E86EB /* Foundation.framework */; };
		858610A91946A0FC008E86EB /* CoreGraphics.framework in Frameworks */ = {isa = PBXBuildFile; fileRef = 858610A81946A0FC008E86EB /* CoreGraphics.framework */; };
		858610AB1946A0FC008E86EB /* UIKit.framework in Frameworks */ = {isa = PBXBuildFile; fileRef = 858610AA1946A0FC008E86EB /* UIKit.framework */; };
		858610B11946A0FC008E86EB /* InfoPlist.strings in Resources */ = {isa = PBXBuildFile; fileRef = 858610AF1946A0FC008E86EB /* InfoPlist.strings */; };
		858610B31946A0FC008E86EB /* main.m in Sources */ = {isa = PBXBuildFile; fileRef = 858610B21946A0FC008E86EB /* main.m */; };
		858610B71946A0FC008E86EB /* PVTAppDelegate.m in Sources */ = {isa = PBXBuildFile; fileRef = 858610B61946A0FC008E86EB /* PVTAppDelegate.m */; };
		858610BA1946A0FC008E86EB /* Main_iPhone.storyboard in Resources */ = {isa = PBXBuildFile; fileRef = 858610B81946A0FC008E86EB /* Main_iPhone.storyboard */; };
		858610BD1946A0FC008E86EB /* Main_iPad.storyboard in Resources */ = {isa = PBXBuildFile; fileRef = 858610BB1946A0FC008E86EB /* Main_iPad.storyboard */; };
		858610C01946A0FC008E86EB /* PVTViewController.m in Sources */ = {isa = PBXBuildFile; fileRef = 858610BF1946A0FC008E86EB /* PVTViewController.m */; };
		858610C21946A0FC008E86EB /* Images.xcassets in Resources */ = {isa = PBXBuildFile; fileRef = 858610C11946A0FC008E86EB /* Images.xcassets */; };
		858610C91946A0FC008E86EB /* XCTest.framework in Frameworks */ = {isa = PBXBuildFile; fileRef = 858610C81946A0FC008E86EB /* XCTest.framework */; };
		858610CA1946A0FC008E86EB /* Foundation.framework in Frameworks */ = {isa = PBXBuildFile; fileRef = 858610A61946A0FC008E86EB /* Foundation.framework */; };
		858610CB1946A0FD008E86EB /* UIKit.framework in Frameworks */ = {isa = PBXBuildFile; fileRef = 858610AA1946A0FC008E86EB /* UIKit.framework */; };
		858610D31946A0FD008E86EB /* InfoPlist.strings in Resources */ = {isa = PBXBuildFile; fileRef = 858610D11946A0FD008E86EB /* InfoPlist.strings */; };
		858610D51946A0FD008E86EB /* PVNTemplateTests.m in Sources */ = {isa = PBXBuildFile; fileRef = 858610D41946A0FD008E86EB /* PVNTemplateTests.m */; };
		858610FB1946CCD2008E86EB /* AVFoundation.framework in Frameworks */ = {isa = PBXBuildFile; fileRef = 858610FA1946CCD2008E86EB /* AVFoundation.framework */; };
		858610FD1946CD1F008E86EB /* MediaPlayer.framework in Frameworks */ = {isa = PBXBuildFile; fileRef = 858610FC1946CD1F008E86EB /* MediaPlayer.framework */; };
		858611061946CDF0008E86EB /* SystemConfiguration.framework in Frameworks */ = {isa = PBXBuildFile; fileRef = 858611051946CDF0008E86EB /* SystemConfiguration.framework */; };
		8586110A1946CE4A008E86EB /* CoreMotion.framework in Frameworks */ = {isa = PBXBuildFile; fileRef = 858611091946CE4A008E86EB /* CoreMotion.framework */; };
		8586110C1946CEC0008E86EB /* CoreTelephony.framework in Frameworks */ = {isa = PBXBuildFile; fileRef = 8586110B1946CEC0008E86EB /* CoreTelephony.framework */; };
		8586110E1946CF00008E86EB /* CoreData.framework in Frameworks */ = {isa = PBXBuildFile; fileRef = 8586110D1946CF00008E86EB /* CoreData.framework */; };
		858611101946CF38008E86EB /* CoreMedia.framework in Frameworks */ = {isa = PBXBuildFile; fileRef = 8586110F1946CF38008E86EB /* CoreMedia.framework */; };
		858611121946CFCE008E86EB /* CoreLocation.framework in Frameworks */ = {isa = PBXBuildFile; fileRef = 858611111946CFCE008E86EB /* CoreLocation.framework */; };
/* End PBXBuildFile section */

/* Begin PBXContainerItemProxy section */
		858610CC1946A0FD008E86EB /* PBXContainerItemProxy */ = {
			isa = PBXContainerItemProxy;
			containerPortal = 8586109B1946A0FC008E86EB /* Project object */;
			proxyType = 1;
			remoteGlobalIDString = 858610A21946A0FC008E86EB;
			remoteInfo = PVNTemplate;
		};
/* End PBXContainerItemProxy section */

/* Begin PBXFileReference section */
		852709131947F3AA0018A0CF /* incoming-ios-sdk.plist */ = {isa = PBXFileReference; fileEncoding = 4; lastKnownFileType = text.plist.xml; name = "incoming-ios-sdk.plist"; path = "../incoming-ios-sdk.plist"; sourceTree = "<group>"; };
		852709151947F4D30018A0CF /* Accelerate.framework */ = {isa = PBXFileReference; lastKnownFileType = wrapper.framework; name = Accelerate.framework; path = System/Library/Frameworks/Accelerate.framework; sourceTree = SDKROOT; };
		8539F1941963E89A00A903D2 /* default_policy.json */ = {isa = PBXFileReference; fileEncoding = 4; lastKnownFileType = text.json; path = default_policy.json; sourceTree = "<group>"; };
		8539F1971963E89A00A903D2 /* IncomingSDK.xcdatamodel */ = {isa = PBXFileReference; lastKnownFileType = wrapper.xcdatamodel; path = IncomingSDK.xcdatamodel; sourceTree = "<group>"; };
		8539F1981963E89A00A903D2 /* ISDKAppDelegateHelper.h */ = {isa = PBXFileReference; fileEncoding = 4; lastKnownFileType = sourcecode.c.h; path = ISDKAppDelegateHelper.h; sourceTree = "<group>"; };
		8539F1A41963E89A00A903D2 /* libincoming-ios-sdk.a */ = {isa = PBXFileReference; lastKnownFileType = archive.ar; path = "libincoming-ios-sdk.a"; sourceTree = "<group>"; };
		858610A31946A0FC008E86EB /* PVNTemplate.app */ = {isa = PBXFileReference; explicitFileType = wrapper.application; includeInIndex = 0; name = PVNTemplate.app; path = PushVideoTemplate.app; sourceTree = BUILT_PRODUCTS_DIR; };
		858610A61946A0FC008E86EB /* Foundation.framework */ = {isa = PBXFileReference; lastKnownFileType = wrapper.framework; name = Foundation.framework; path = System/Library/Frameworks/Foundation.framework; sourceTree = SDKROOT; };
		858610A81946A0FC008E86EB /* CoreGraphics.framework */ = {isa = PBXFileReference; lastKnownFileType = wrapper.framework; name = CoreGraphics.framework; path = System/Library/Frameworks/CoreGraphics.framework; sourceTree = SDKROOT; };
		858610AA1946A0FC008E86EB /* UIKit.framework */ = {isa = PBXFileReference; lastKnownFileType = wrapper.framework; name = UIKit.framework; path = System/Library/Frameworks/UIKit.framework; sourceTree = SDKROOT; };
		858610AE1946A0FC008E86EB /* PVNTemplate-Info.plist */ = {isa = PBXFileReference; lastKnownFileType = text.plist.xml; path = "PVNTemplate-Info.plist"; sourceTree = "<group>"; };
		858610B01946A0FC008E86EB /* en */ = {isa = PBXFileReference; lastKnownFileType = text.plist.strings; name = en; path = en.lproj/InfoPlist.strings; sourceTree = "<group>"; };
		858610B21946A0FC008E86EB /* main.m */ = {isa = PBXFileReference; lastKnownFileType = sourcecode.c.objc; path = main.m; sourceTree = "<group>"; };
		858610B41946A0FC008E86EB /* PVNTemplate-Prefix.pch */ = {isa = PBXFileReference; lastKnownFileType = sourcecode.c.h; path = "PVNTemplate-Prefix.pch"; sourceTree = "<group>"; };
		858610B51946A0FC008E86EB /* PVTAppDelegate.h */ = {isa = PBXFileReference; lastKnownFileType = sourcecode.c.h; path = PVTAppDelegate.h; sourceTree = "<group>"; };
		858610B61946A0FC008E86EB /* PVTAppDelegate.m */ = {isa = PBXFileReference; lastKnownFileType = sourcecode.c.objc; path = PVTAppDelegate.m; sourceTree = "<group>"; };
		858610B91946A0FC008E86EB /* Base */ = {isa = PBXFileReference; lastKnownFileType = file.storyboard; name = Base; path = Base.lproj/Main_iPhone.storyboard; sourceTree = "<group>"; };
		858610BC1946A0FC008E86EB /* Base */ = {isa = PBXFileReference; lastKnownFileType = file.storyboard; name = Base; path = Base.lproj/Main_iPad.storyboard; sourceTree = "<group>"; };
		858610BE1946A0FC008E86EB /* PVTViewController.h */ = {isa = PBXFileReference; lastKnownFileType = sourcecode.c.h; path = PVTViewController.h; sourceTree = "<group>"; };
		858610BF1946A0FC008E86EB /* PVTViewController.m */ = {isa = PBXFileReference; lastKnownFileType = sourcecode.c.objc; path = PVTViewController.m; sourceTree = "<group>"; };
		858610C11946A0FC008E86EB /* Images.xcassets */ = {isa = PBXFileReference; lastKnownFileType = folder.assetcatalog; path = Images.xcassets; sourceTree = "<group>"; };
		858610C71946A0FC008E86EB /* PVNTemplateTests.xctest */ = {isa = PBXFileReference; explicitFileType = wrapper.cfbundle; includeInIndex = 0; path = PVNTemplateTests.xctest; sourceTree = BUILT_PRODUCTS_DIR; };
		858610C81946A0FC008E86EB /* XCTest.framework */ = {isa = PBXFileReference; lastKnownFileType = wrapper.framework; name = XCTest.framework; path = Library/Frameworks/XCTest.framework; sourceTree = DEVELOPER_DIR; };
		858610D01946A0FD008E86EB /* PVNTemplateTests-Info.plist */ = {isa = PBXFileReference; lastKnownFileType = text.plist.xml; path = "PVNTemplateTests-Info.plist"; sourceTree = "<group>"; };
		858610D21946A0FD008E86EB /* en */ = {isa = PBXFileReference; lastKnownFileType = text.plist.strings; name = en; path = en.lproj/InfoPlist.strings; sourceTree = "<group>"; };
		858610D41946A0FD008E86EB /* PVNTemplateTests.m */ = {isa = PBXFileReference; lastKnownFileType = sourcecode.c.objc; path = PVNTemplateTests.m; sourceTree = "<group>"; };
		858610FA1946CCD2008E86EB /* AVFoundation.framework */ = {isa = PBXFileReference; lastKnownFileType = wrapper.framework; name = AVFoundation.framework; path = System/Library/Frameworks/AVFoundation.framework; sourceTree = SDKROOT; };
		858610FC1946CD1F008E86EB /* MediaPlayer.framework */ = {isa = PBXFileReference; lastKnownFileType = wrapper.framework; name = MediaPlayer.framework; path = System/Library/Frameworks/MediaPlayer.framework; sourceTree = SDKROOT; };
		858610FE1946CD44008E86EB /* AssetsLibrary.framework */ = {isa = PBXFileReference; lastKnownFileType = wrapper.framework; name = AssetsLibrary.framework; path = System/Library/Frameworks/AssetsLibrary.framework; sourceTree = SDKROOT; };
		858611001946CD5B008E86EB /* QuartzCore.framework */ = {isa = PBXFileReference; lastKnownFileType = wrapper.framework; name = QuartzCore.framework; path = System/Library/Frameworks/QuartzCore.framework; sourceTree = SDKROOT; };
		858611051946CDF0008E86EB /* SystemConfiguration.framework */ = {isa = PBXFileReference; lastKnownFileType = wrapper.framework; name = SystemConfiguration.framework; path = System/Library/Frameworks/SystemConfiguration.framework; sourceTree = SDKROOT; };
		858611071946CE23008E86EB /* MobileCoreServices.framework */ = {isa = PBXFileReference; lastKnownFileType = wrapper.framework; name = MobileCoreServices.framework; path = System/Library/Frameworks/MobileCoreServices.framework; sourceTree = SDKROOT; };
		858611091946CE4A008E86EB /* CoreMotion.framework */ = {isa = PBXFileReference; lastKnownFileType = wrapper.framework; name = CoreMotion.framework; path = System/Library/Frameworks/CoreMotion.framework; sourceTree = SDKROOT; };
		8586110B1946CEC0008E86EB /* CoreTelephony.framework */ = {isa = PBXFileReference; lastKnownFileType = wrapper.framework; name = CoreTelephony.framework; path = System/Library/Frameworks/CoreTelephony.framework; sourceTree = SDKROOT; };
		8586110D1946CF00008E86EB /* CoreData.framework */ = {isa = PBXFileReference; lastKnownFileType = wrapper.framework; name = CoreData.framework; path = System/Library/Frameworks/CoreData.framework; sourceTree = SDKROOT; };
		8586110F1946CF38008E86EB /* CoreMedia.framework */ = {isa = PBXFileReference; lastKnownFileType = wrapper.framework; name = CoreMedia.framework; path = System/Library/Frameworks/CoreMedia.framework; sourceTree = SDKROOT; };
		858611111946CFCE008E86EB /* CoreLocation.framework */ = {isa = PBXFileReference; lastKnownFileType = wrapper.framework; name = CoreLocation.framework; path = System/Library/Frameworks/CoreLocation.framework; sourceTree = SDKROOT; };
/* End PBXFileReference section */

/* Begin PBXFrameworksBuildPhase section */
		858610A01946A0FC008E86EB /* Frameworks */ = {
			isa = PBXFrameworksBuildPhase;
			buildActionMask = 2147483647;
			files = (
				852709161947F4D30018A0CF /* Accelerate.framework in Frameworks */,
				858611121946CFCE008E86EB /* CoreLocation.framework in Frameworks */,
				8539F1A81963E89A00A903D2 /* libincoming-ios-sdk.a in Frameworks */,
				858611101946CF38008E86EB /* CoreMedia.framework in Frameworks */,
				8586110E1946CF00008E86EB /* CoreData.framework in Frameworks */,
				8586110C1946CEC0008E86EB /* CoreTelephony.framework in Frameworks */,
				8586110A1946CE4A008E86EB /* CoreMotion.framework in Frameworks */,
				858611061946CDF0008E86EB /* SystemConfiguration.framework in Frameworks */,
				858610FD1946CD1F008E86EB /* MediaPlayer.framework in Frameworks */,
				858610FB1946CCD2008E86EB /* AVFoundation.framework in Frameworks */,
				858610A91946A0FC008E86EB /* CoreGraphics.framework in Frameworks */,
				858610AB1946A0FC008E86EB /* UIKit.framework in Frameworks */,
				858610A71946A0FC008E86EB /* Foundation.framework in Frameworks */,
			);
			runOnlyForDeploymentPostprocessing = 0;
		};
		858610C41946A0FC008E86EB /* Frameworks */ = {
			isa = PBXFrameworksBuildPhase;
			buildActionMask = 2147483647;
			files = (
				858610C91946A0FC008E86EB /* XCTest.framework in Frameworks */,
				858610CB1946A0FD008E86EB /* UIKit.framework in Frameworks */,
				858610CA1946A0FC008E86EB /* Foundation.framework in Frameworks */,
			);
			runOnlyForDeploymentPostprocessing = 0;
		};
/* End PBXFrameworksBuildPhase section */

/* Begin PBXGroup section */
		8539F1931963E89A00A903D2 /* incoming-ios-sdk */ = {
			isa = PBXGroup;
			children = (
				8539F1941963E89A00A903D2 /* default_policy.json */,
				8539F1961963E89A00A903D2 /* IncomingSDK.xcdatamodeld */,
				8539F1981963E89A00A903D2 /* ISDKAppDelegateHelper.h */,
				8539F1A41963E89A00A903D2 /* libincoming-ios-sdk.a */,
			);
			path = "incoming-ios-sdk";
			sourceTree = "<group>";
		};
		8586109A1946A0FC008E86EB = {
			isa = PBXGroup;
			children = (
				8539F1931963E89A00A903D2 /* incoming-ios-sdk */,
				858610AC1946A0FC008E86EB /* PVNTemplate */,
				858610CE1946A0FD008E86EB /* PVNTemplateTests */,
				858610A51946A0FC008E86EB /* Frameworks */,
				858610A41946A0FC008E86EB /* Products */,
			);
			sourceTree = "<group>";
		};
		858610A41946A0FC008E86EB /* Products */ = {
			isa = PBXGroup;
			children = (
				858610A31946A0FC008E86EB /* PVNTemplate.app */,
				858610C71946A0FC008E86EB /* PVNTemplateTests.xctest */,
			);
			name = Products;
			sourceTree = "<group>";
		};
		858610A51946A0FC008E86EB /* Frameworks */ = {
			isa = PBXGroup;
			children = (
				852709151947F4D30018A0CF /* Accelerate.framework */,
				858611111946CFCE008E86EB /* CoreLocation.framework */,
				8586110F1946CF38008E86EB /* CoreMedia.framework */,
				8586110D1946CF00008E86EB /* CoreData.framework */,
				8586110B1946CEC0008E86EB /* CoreTelephony.framework */,
				858611091946CE4A008E86EB /* CoreMotion.framework */,
				858611071946CE23008E86EB /* MobileCoreServices.framework */,
				858611051946CDF0008E86EB /* SystemConfiguration.framework */,
				858611001946CD5B008E86EB /* QuartzCore.framework */,
				858610FE1946CD44008E86EB /* AssetsLibrary.framework */,
				858610FC1946CD1F008E86EB /* MediaPlayer.framework */,
				858610FA1946CCD2008E86EB /* AVFoundation.framework */,
				858610A61946A0FC008E86EB /* Foundation.framework */,
				858610A81946A0FC008E86EB /* CoreGraphics.framework */,
				858610AA1946A0FC008E86EB /* UIKit.framework */,
				858610C81946A0FC008E86EB /* XCTest.framework */,
			);
			name = Frameworks;
			sourceTree = "<group>";
		};
		858610AC1946A0FC008E86EB /* PVNTemplate */ = {
			isa = PBXGroup;
			children = (
				858610B51946A0FC008E86EB /* PVTAppDelegate.h */,
				858610B61946A0FC008E86EB /* PVTAppDelegate.m */,
				858610B81946A0FC008E86EB /* Main_iPhone.storyboard */,
				858610BB1946A0FC008E86EB /* Main_iPad.storyboard */,
				858610BE1946A0FC008E86EB /* PVTViewController.h */,
				858610BF1946A0FC008E86EB /* PVTViewController.m */,
				858610C11946A0FC008E86EB /* Images.xcassets */,
				858610AD1946A0FC008E86EB /* Supporting Files */,
			);
			path = PVNTemplate;
			sourceTree = "<group>";
		};
		858610AD1946A0FC008E86EB /* Supporting Files */ = {
			isa = PBXGroup;
			children = (
				852709131947F3AA0018A0CF /* incoming-ios-sdk.plist */,
				858610AE1946A0FC008E86EB /* PVNTemplate-Info.plist */,
				858610AF1946A0FC008E86EB /* InfoPlist.strings */,
				858610B21946A0FC008E86EB /* main.m */,
				858610B41946A0FC008E86EB /* PVNTemplate-Prefix.pch */,
			);
			name = "Supporting Files";
			sourceTree = "<group>";
		};
		858610CE1946A0FD008E86EB /* PVNTemplateTests */ = {
			isa = PBXGroup;
			children = (
				858610D41946A0FD008E86EB /* PVNTemplateTests.m */,
				858610CF1946A0FD008E86EB /* Supporting Files */,
			);
			path = PVNTemplateTests;
			sourceTree = "<group>";
		};
		858610CF1946A0FD008E86EB /* Supporting Files */ = {
			isa = PBXGroup;
			children = (
				858610D01946A0FD008E86EB /* PVNTemplateTests-Info.plist */,
				858610D11946A0FD008E86EB /* InfoPlist.strings */,
			);
			name = "Supporting Files";
			sourceTree = "<group>";
		};
/* End PBXGroup section */

/* Begin PBXNativeTarget section */
		858610A21946A0FC008E86EB /* PushVideoTemplate */ = {
			isa = PBXNativeTarget;
			buildConfigurationList = 858610D81946A0FD008E86EB /* Build configuration list for PBXNativeTarget "PushVideoTemplate" */;
			buildPhases = (
				8586109F1946A0FC008E86EB /* Sources */,
				858610A01946A0FC008E86EB /* Frameworks */,
				858610A11946A0FC008E86EB /* Resources */,
			);
			buildRules = (
			);
			dependencies = (
			);
			name = PushVideoTemplate;
			productName = PVNTemplate;
			productReference = 858610A31946A0FC008E86EB /* PVNTemplate.app */;
			productType = "com.apple.product-type.application";
		};
		858610C61946A0FC008E86EB /* PVNTemplateTests */ = {
			isa = PBXNativeTarget;
			buildConfigurationList = 858610DB1946A0FD008E86EB /* Build configuration list for PBXNativeTarget "PVNTemplateTests" */;
			buildPhases = (
				858610C31946A0FC008E86EB /* Sources */,
				858610C41946A0FC008E86EB /* Frameworks */,
				858610C51946A0FC008E86EB /* Resources */,
			);
			buildRules = (
			);
			dependencies = (
				858610CD1946A0FD008E86EB /* PBXTargetDependency */,
			);
			name = PVNTemplateTests;
			productName = PVNTemplateTests;
			productReference = 858610C71946A0FC008E86EB /* PVNTemplateTests.xctest */;
			productType = "com.apple.product-type.bundle.unit-test";
		};
/* End PBXNativeTarget section */

/* Begin PBXProject section */
		8586109B1946A0FC008E86EB /* Project object */ = {
			isa = PBXProject;
			attributes = {
				CLASSPREFIX = PVT;
				LastUpgradeCheck = 0510;
				ORGANIZATIONNAME = "Incoming Pty Ltd";
				TargetAttributes = {
					858610C61946A0FC008E86EB = {
						TestTargetID = 858610A21946A0FC008E86EB;
					};
				};
			};
			buildConfigurationList = 8586109E1946A0FC008E86EB /* Build configuration list for PBXProject "PVNTemplate" */;
			compatibilityVersion = "Xcode 3.2";
			developmentRegion = English;
			hasScannedForEncodings = 0;
			knownRegions = (
				en,
				Base,
			);
			mainGroup = 8586109A1946A0FC008E86EB;
			productRefGroup = 858610A41946A0FC008E86EB /* Products */;
			projectDirPath = "";
			projectRoot = "";
			targets = (
				858610A21946A0FC008E86EB /* PushVideoTemplate */,
				858610C61946A0FC008E86EB /* PVNTemplateTests */,
			);
		};
/* End PBXProject section */

/* Begin PBXResourcesBuildPhase section */
		858610A11946A0FC008E86EB /* Resources */ = {
			isa = PBXResourcesBuildPhase;
			buildActionMask = 2147483647;
			files = (
				858610BD1946A0FC008E86EB /* Main_iPad.storyboard in Resources */,
				858610C21946A0FC008E86EB /* Images.xcassets in Resources */,
				858610BA1946A0FC008E86EB /* Main_iPhone.storyboard in Resources */,
				858610B11946A0FC008E86EB /* InfoPlist.strings in Resources */,
				852709141947F3AA0018A0CF /* incoming-ios-sdk.plist in Resources */,
				8539F1A51963E89A00A903D2 /* default_policy.json in Resources */,
			);
			runOnlyForDeploymentPostprocessing = 0;
		};
		858610C51946A0FC008E86EB /* Resources */ = {
			isa = PBXResourcesBuildPhase;
			buildActionMask = 2147483647;
			files = (
				858610D31946A0FD008E86EB /* InfoPlist.strings in Resources */,
			);
			runOnlyForDeploymentPostprocessing = 0;
		};
/* End PBXResourcesBuildPhase section */

/* Begin PBXSourcesBuildPhase section */
		8586109F1946A0FC008E86EB /* Sources */ = {
			isa = PBXSourcesBuildPhase;
			buildActionMask = 2147483647;
			files = (
				858610B31946A0FC008E86EB /* main.m in Sources */,
				858610C01946A0FC008E86EB /* PVTViewController.m in Sources */,
				8539F1A71963E89A00A903D2 /* IncomingSDK.xcdatamodeld in Sources */,
				858610B71946A0FC008E86EB /* PVTAppDelegate.m in Sources */,
			);
			runOnlyForDeploymentPostprocessing = 0;
		};
		858610C31946A0FC008E86EB /* Sources */ = {
			isa = PBXSourcesBuildPhase;
			buildActionMask = 2147483647;
			files = (
				858610D51946A0FD008E86EB /* PVNTemplateTests.m in Sources */,
			);
			runOnlyForDeploymentPostprocessing = 0;
		};
/* End PBXSourcesBuildPhase section */

/* Begin PBXTargetDependency section */
		858610CD1946A0FD008E86EB /* PBXTargetDependency */ = {
			isa = PBXTargetDependency;
			target = 858610A21946A0FC008E86EB /* PushVideoTemplate */;
			targetProxy = 858610CC1946A0FD008E86EB /* PBXContainerItemProxy */;
		};
/* End PBXTargetDependency section */

/* Begin PBXVariantGroup section */
		858610AF1946A0FC008E86EB /* InfoPlist.strings */ = {
			isa = PBXVariantGroup;
			children = (
				858610B01946A0FC008E86EB /* en */,
			);
			name = InfoPlist.strings;
			sourceTree = "<group>";
		};
		858610B81946A0FC008E86EB /* Main_iPhone.storyboard */ = {
			isa = PBXVariantGroup;
			children = (
				858610B91946A0FC008E86EB /* Base */,
			);
			name = Main_iPhone.storyboard;
			sourceTree = "<group>";
		};
		858610BB1946A0FC008E86EB /* Main_iPad.storyboard */ = {
			isa = PBXVariantGroup;
			children = (
				858610BC1946A0FC008E86EB /* Base */,
			);
			name = Main_iPad.storyboard;
			sourceTree = "<group>";
		};
		858610D11946A0FD008E86EB /* InfoPlist.strings */ = {
			isa = PBXVariantGroup;
			children = (
				858610D21946A0FD008E86EB /* en */,
			);
			name = InfoPlist.strings;
			sourceTree = "<group>";
		};
/* End PBXVariantGroup section */

/* Begin XCBuildConfiguration section */
		858610D61946A0FD008E86EB /* Debug */ = {
			isa = XCBuildConfiguration;
			buildSettings = {
				ALWAYS_SEARCH_USER_PATHS = NO;
				CLANG_CXX_LANGUAGE_STANDARD = "gnu++0x";
				CLANG_CXX_LIBRARY = "libc++";
				CLANG_ENABLE_MODULES = YES;
				CLANG_ENABLE_OBJC_ARC = YES;
				CLANG_WARN_BOOL_CONVERSION = YES;
				CLANG_WARN_CONSTANT_CONVERSION = YES;
				CLANG_WARN_DIRECT_OBJC_ISA_USAGE = YES_ERROR;
				CLANG_WARN_EMPTY_BODY = YES;
				CLANG_WARN_ENUM_CONVERSION = YES;
				CLANG_WARN_INT_CONVERSION = YES;
				CLANG_WARN_OBJC_ROOT_CLASS = YES_ERROR;
				CLANG_WARN__DUPLICATE_METHOD_MATCH = YES;
				"CODE_SIGN_IDENTITY[sdk=iphoneos*]" = "iPhone Distribution: Incoming Pty. Ltd. (DUP9383N45)";
				COPY_PHASE_STRIP = NO;
				GCC_C_LANGUAGE_STANDARD = gnu99;
				GCC_DYNAMIC_NO_PIC = NO;
				GCC_OPTIMIZATION_LEVEL = 0;
				GCC_PREPROCESSOR_DEFINITIONS = (
					"DEBUG=1",
					"$(inherited)",
				);
				GCC_SYMBOLS_PRIVATE_EXTERN = NO;
				GCC_WARN_64_TO_32_BIT_CONVERSION = YES;
				GCC_WARN_ABOUT_RETURN_TYPE = YES_ERROR;
				GCC_WARN_UNDECLARED_SELECTOR = YES;
				GCC_WARN_UNINITIALIZED_AUTOS = YES_AGGRESSIVE;
				GCC_WARN_UNUSED_FUNCTION = YES;
				GCC_WARN_UNUSED_VARIABLE = YES;
				IPHONEOS_DEPLOYMENT_TARGET = 7.1;
				ONLY_ACTIVE_ARCH = YES;
				SDKROOT = iphoneos;
				TARGETED_DEVICE_FAMILY = "1,2";
			};
			name = Debug;
		};
		858610D71946A0FD008E86EB /* Release */ = {
			isa = XCBuildConfiguration;
			buildSettings = {
				ALWAYS_SEARCH_USER_PATHS = NO;
				CLANG_CXX_LANGUAGE_STANDARD = "gnu++0x";
				CLANG_CXX_LIBRARY = "libc++";
				CLANG_ENABLE_MODULES = YES;
				CLANG_ENABLE_OBJC_ARC = YES;
				CLANG_WARN_BOOL_CONVERSION = YES;
				CLANG_WARN_CONSTANT_CONVERSION = YES;
				CLANG_WARN_DIRECT_OBJC_ISA_USAGE = YES_ERROR;
				CLANG_WARN_EMPTY_BODY = YES;
				CLANG_WARN_ENUM_CONVERSION = YES;
				CLANG_WARN_INT_CONVERSION = YES;
				CLANG_WARN_OBJC_ROOT_CLASS = YES_ERROR;
				CLANG_WARN__DUPLICATE_METHOD_MATCH = YES;
				"CODE_SIGN_IDENTITY[sdk=iphoneos*]" = "iPhone Distribution: Incoming Pty. Ltd. (DUP9383N45)";
				COPY_PHASE_STRIP = YES;
				ENABLE_NS_ASSERTIONS = NO;
				GCC_C_LANGUAGE_STANDARD = gnu99;
				GCC_WARN_64_TO_32_BIT_CONVERSION = YES;
				GCC_WARN_ABOUT_RETURN_TYPE = YES_ERROR;
				GCC_WARN_UNDECLARED_SELECTOR = YES;
				GCC_WARN_UNINITIALIZED_AUTOS = YES_AGGRESSIVE;
				GCC_WARN_UNUSED_FUNCTION = YES;
				GCC_WARN_UNUSED_VARIABLE = YES;
				IPHONEOS_DEPLOYMENT_TARGET = 7.1;
				SDKROOT = iphoneos;
				TARGETED_DEVICE_FAMILY = "1,2";
				VALIDATE_PRODUCT = YES;
			};
			name = Release;
		};
		858610D91946A0FD008E86EB /* Debug */ = {
			isa = XCBuildConfiguration;
			buildSettings = {
				ASSETCATALOG_COMPILER_APPICON_NAME = AppIcon;
				ASSETCATALOG_COMPILER_LAUNCHIMAGE_NAME = LaunchImage;
				GCC_PRECOMPILE_PREFIX_HEADER = YES;
				GCC_PREFIX_HEADER = "PVNTemplate/PVNTemplate-Prefix.pch";
				INFOPLIST_FILE = "PVNTemplate/PVNTemplate-Info.plist";
				LIBRARY_SEARCH_PATHS = (
					"$(inherited)",
					"$(PROJECT_DIR)/sdk",
					"$(PROJECT_DIR)/incoming-ios-sdk",
				);
				OTHER_LDFLAGS = "-ObjC";
				PRODUCT_NAME = "$(TARGET_NAME)";
				WRAPPER_EXTENSION = app;
			};
			name = Debug;
		};
		858610DA1946A0FD008E86EB /* Release */ = {
			isa = XCBuildConfiguration;
			buildSettings = {
				ASSETCATALOG_COMPILER_APPICON_NAME = AppIcon;
				ASSETCATALOG_COMPILER_LAUNCHIMAGE_NAME = LaunchImage;
				GCC_PRECOMPILE_PREFIX_HEADER = YES;
				GCC_PREFIX_HEADER = "PVNTemplate/PVNTemplate-Prefix.pch";
				INFOPLIST_FILE = "PVNTemplate/PVNTemplate-Info.plist";
				LIBRARY_SEARCH_PATHS = (
					"$(inherited)",
					"$(PROJECT_DIR)/sdk",
					"$(PROJECT_DIR)/incoming-ios-sdk",
				);
				OTHER_LDFLAGS = "-ObjC";
				PRODUCT_NAME = "$(TARGET_NAME)";
				WRAPPER_EXTENSION = app;
			};
			name = Release;
		};
		858610DC1946A0FD008E86EB /* Debug */ = {
			isa = XCBuildConfiguration;
			buildSettings = {
				BUNDLE_LOADER = "$(BUILT_PRODUCTS_DIR)/PVNTemplate.app/PVNTemplate";
				FRAMEWORK_SEARCH_PATHS = (
					"$(SDKROOT)/Developer/Library/Frameworks",
					"$(inherited)",
					"$(DEVELOPER_FRAMEWORKS_DIR)",
				);
				GCC_PRECOMPILE_PREFIX_HEADER = YES;
				GCC_PREFIX_HEADER = "PVNTemplate/PVNTemplate-Prefix.pch";
				GCC_PREPROCESSOR_DEFINITIONS = (
					"DEBUG=1",
					"$(inherited)",
				);
				INFOPLIST_FILE = "PVNTemplateTests/PVNTemplateTests-Info.plist";
				PRODUCT_NAME = "$(TARGET_NAME)";
				TEST_HOST = "$(BUNDLE_LOADER)";
				WRAPPER_EXTENSION = xctest;
			};
			name = Debug;
		};
		858610DD1946A0FD008E86EB /* Release */ = {
			isa = XCBuildConfiguration;
			buildSettings = {
				BUNDLE_LOADER = "$(BUILT_PRODUCTS_DIR)/PVNTemplate.app/PVNTemplate";
				FRAMEWORK_SEARCH_PATHS = (
					"$(SDKROOT)/Developer/Library/Frameworks",
					"$(inherited)",
					"$(DEVELOPER_FRAMEWORKS_DIR)",
				);
				GCC_PRECOMPILE_PREFIX_HEADER = YES;
				GCC_PREFIX_HEADER = "PVNTemplate/PVNTemplate-Prefix.pch";
				INFOPLIST_FILE = "PVNTemplateTests/PVNTemplateTests-Info.plist";
				PRODUCT_NAME = "$(TARGET_NAME)";
				TEST_HOST = "$(BUNDLE_LOADER)";
				WRAPPER_EXTENSION = xctest;
			};
			name = Release;
		};
/* End XCBuildConfiguration section */

/* Begin XCConfigurationList section */
		8586109E1946A0FC008E86EB /* Build configuration list for PBXProject "PVNTemplate" */ = {
			isa = XCConfigurationList;
			buildConfigurations = (
				858610D61946A0FD008E86EB /* Debug */,
				858610D71946A0FD008E86EB /* Release */,
			);
			defaultConfigurationIsVisible = 0;
			defaultConfigurationName = Release;
		};
		858610D81946A0FD008E86EB /* Build configuration list for PBXNativeTarget "PushVideoTemplate" */ = {
			isa = XCConfigurationList;
			buildConfigurations = (
				858610D91946A0FD008E86EB /* Debug */,
				858610DA1946A0FD008E86EB /* Release */,
			);
			defaultConfigurationIsVisible = 0;
			defaultConfigurationName = Release;
		};
		858610DB1946A0FD008E86EB /* Build configuration list for PBXNativeTarget "PVNTemplateTests" */ = {
			isa = XCConfigurationList;
			buildConfigurations = (
				858610DC1946A0FD008E86EB /* Debug */,
				858610DD1946A0FD008E86EB /* Release */,
			);
			defaultConfigurationIsVisible = 0;
			defaultConfigurationName = Release;
		};
/* End XCConfigurationList section */

/* Begin XCVersionGroup section */
		8539F1961963E89A00A903D2 /* IncomingSDK.xcdatamodeld */ = {
			isa = XCVersionGroup;
			children = (
				8539F1971963E89A00A903D2 /* IncomingSDK.xcdatamodel */,
			);
			currentVersion = 8539F1971963E89A00A903D2 /* IncomingSDK.xcdatamodel */;
			path = IncomingSDK.xcdatamodeld;
			sourceTree = "<group>";
			versionGroupType = wrapper.xcdatamodel;
		};
/* End XCVersionGroup section */
	};
	rootObject = 8586109B1946A0FC008E86EB /* Project object */;
}
